
Microsoft Visual Studio Solution File, Format Version 12.00
# Visual Studio Version 17
VisualStudioVersion = 17.3.32929.385
MinimumVisualStudioVersion = 10.0.40219.1
Project("{8BC9CEB8-8B4A-11D0-8D11-00A0C91BC942}") = "ErrorShow", "ErrorShow\ErrorShow.vcxproj", "{E426509C-B2A8-45B2-9A77-FA57DD3D819A}"
EndProject
Project("{8BC9CEB8-8B4A-11D0-8D11-00A0C91BC942}") = "CreateObject", "CreateObject\CreateObject.vcxproj", "{9176128E-5736-4575-A7F9-5E7F3E837AD4}"
EndProject
Project("{8BC9CEB8-8B4A-11D0-8D11-00A0C91BC942}") = "Singleton", "Singleton\Singleton.vcxproj", "{DB061725-4322-4C25-9F92-86A3A1D9DD2E}"
EndProject
Project("{8BC9CEB8-8B4A-11D0-8D11-00A0C91BC942}") = "DumpModule", "DumpModule\DumpModule.vcxproj", "{0FD0A6C9-A4BA-4029-BFC7-F2579791363F}"
EndProject
Project("{8BC9CEB8-8B4A-11D0-8D11-00A0C91BC942}") = "DumpEvn", "DumpEvn\DumpEvn.vcxproj", "{FF145E7F-3CCF-4F02-B7C9-1FA046257A91}"
EndProject
Global
	GlobalSection(SolutionConfigurationPlatforms) = preSolution
		Debug|x64 = Debug|x64
		Debug|x86 = Debug|x86
		Release|x64 = Release|x64
		Release|x86 = Release|x86
	EndGlobalSection
	GlobalSection(ProjectConfigurationPlatforms) = postSolution
		{E426509C-B2A8-45B2-9A77-FA57DD3D819A}.Debug|x64.ActiveCfg = Debug|x64
		{E426509C-B2A8-45B2-9A77-FA57DD3D819A}.Debug|x64.Build.0 = Debug|x64
		{E426509C-B2A8-45B2-9A77-FA57DD3D819A}.Debug|x86.ActiveCfg = Debug|Win32
		{E426509C-B2A8-45B2-9A77-FA57DD3D819A}.Debug|x86.Build.0 = Debug|Win32
		{E426509C-B2A8-45B2-9A77-FA57DD3D819A}.Release|x64.ActiveCfg = Release|x64
		{E426509C-B2A8-45B2-9A77-FA57DD3D819A}.Release|x64.Build.0 = Release|x64
		{E426509C-B2A8-45B2-9A77-FA57DD3D819A}.Release|x86.ActiveCfg = Release|Win32
		{E426509C-B2A8-45B2-9A77-FA57DD3D819A}.Release|x86.Build.0 = Release|Win32
		{9176128E-5736-4575-A7F9-5E7F3E837AD4}.Debug|x64.ActiveCfg = Debug|x64
		{9176128E-5736-4575-A7F9-5E7F3E837AD4}.Debug|x64.Build.0 = Debug|x64
		{9176128E-5736-4575-A7F9-5E7F3E837AD4}.Debug|x86.ActiveCfg = Debug|Win32
		{9176128E-5736-4575-A7F9-5E7F3E837AD4}.Debug|x86.Build.0 = Debug|Win32
		{9176128E-5736-4575-A7F9-5E7F3E837AD4}.Release|x64.ActiveCfg = Release|x64
		{9176128E-5736-4575-A7F9-5E7F3E837AD4}.Release|x64.Build.0 = Release|x64
		{9176128E-5736-4575-A7F9-5E7F3E837AD4}.Release|x86.ActiveCfg = Release|Win32
		{9176128E-5736-4575-A7F9-5E7F3E837AD4}.Release|x86.Build.0 = Release|Win32
		{DB061725-4322-4C25-9F92-86A3A1D9DD2E}.Debug|x64.ActiveCfg = Debug|x64
		{DB061725-4322-4C25-9F92-86A3A1D9DD2E}.Debug|x64.Build.0 = Debug|x64
		{DB061725-4322-4C25-9F92-86A3A1D9DD2E}.Debug|x86.ActiveCfg = Debug|Win32
		{DB061725-4322-4C25-9F92-86A3A1D9DD2E}.Debug|x86.Build.0 = Debug|Win32
		{DB061725-4322-4C25-9F92-86A3A1D9DD2E}.Release|x64.ActiveCfg = Release|x64
		{DB061725-4322-4C25-9F92-86A3A1D9DD2E}.Release|x64.Build.0 = Release|x64
		{DB061725-4322-4C25-9F92-86A3A1D9DD2E}.Release|x86.ActiveCfg = Release|Win32
		{DB061725-4322-4C25-9F92-86A3A1D9DD2E}.Release|x86.Build.0 = Release|Win32
		{0FD0A6C9-A4BA-4029-BFC7-F2579791363F}.Debug|x64.ActiveCfg = Debug|x64
		{0FD0A6C9-A4BA-4029-BFC7-F2579791363F}.Debug|x64.Build.0 = Debug|x64
		{0FD0A6C9-A4BA-4029-BFC7-F2579791363F}.Debug|x86.ActiveCfg = Debug|Win32
		{0FD0A6C9-A4BA-4029-BFC7-F2579791363F}.Debug|x86.Build.0 = Debug|Win32
		{0FD0A6C9-A4BA-4029-BFC7-F2579791363F}.Release|x64.ActiveCfg = Release|x64
		{0FD0A6C9-A4BA-4029-BFC7-F2579791363F}.Release|x64.Build.0 = Release|x64
		{0FD0A6C9-A4BA-4029-BFC7-F2579791363F}.Release|x86.ActiveCfg = Release|Win32
		{0FD0A6C9-A4BA-4029-BFC7-F2579791363F}.Release|x86.Build.0 = Release|Win32
		{FF145E7F-3CCF-4F02-B7C9-1FA046257A91}.Debug|x64.ActiveCfg = Debug|x64
		{FF145E7F-3CCF-4F02-B7C9-1FA046257A91}.Debug|x64.Build.0 = Debug|x64
		{FF145E7F-3CCF-4F02-B7C9-1FA046257A91}.Debug|x86.ActiveCfg = Debug|Win32
		{FF145E7F-3CCF-4F02-B7C9-1FA046257A91}.Debug|x86.Build.0 = Debug|Win32
		{FF145E7F-3CCF-4F02-B7C9-1FA046257A91}.Release|x64.ActiveCfg = Release|x64
		{FF145E7F-3CCF-4F02-B7C9-1FA046257A91}.Release|x64.Build.0 = Release|x64
		{FF145E7F-3CCF-4F02-B7C9-1FA046257A91}.Release|x86.ActiveCfg = Release|Win32
		{FF145E7F-3CCF-4F02-B7C9-1FA046257A91}.Release|x86.Build.0 = Release|Win32
	EndGlobalSection
	GlobalSection(SolutionProperties) = preSolution
		HideSolutionNode = FALSE
	EndGlobalSection
	GlobalSection(ExtensibilityGlobals) = postSolution
		SolutionGuid = {1B58E76A-BDD8-451D-92D0-46EFFC12EDFF}
	EndGlobalSection
EndGlobal
